{
	"name": "@iconify/search-components",
	"version": "0.0.0-dev",
	"lockfileVersion": 1,
	"requires": true,
	"dependencies": {
		"@cyberalien/conditional-replacements": {
			"version": "0.0.2",
			"resolved": "https://registry.npmjs.org/@cyberalien/conditional-replacements/-/conditional-replacements-0.0.2.tgz",
			"integrity": "sha512-gKDrDWkUQKuDc2uK08zM7nuHar/qoBB6wMGNXFCSDRXV/sB44V7ftYYgYOHZUghVheL5LDB9XvmWDQiLZVOGcQ==",
			"dev": true
		},
		"@iconify/types": {
			"version": "1.0.3",
			"resolved": "https://registry.npmjs.org/@iconify/types/-/types-1.0.3.tgz",
			"integrity": "sha512-FJvID3jDE1axAiVPUU8+ANeYt8neG1hlSX8g+GFLUaTW6aLMtYx6F2CY1jj9N/unClwdQPtXCE7qORqEBvtVaQ=="
		},
		"cyberalien-color": {
			"version": "1.0.0",
			"resolved": "https://registry.npmjs.org/cyberalien-color/-/cyberalien-color-1.0.0.tgz",
			"integrity": "sha1-9/kTX+Daof9bNzs4W+mEGcJk/l4="
		},
		"svelte": {
			"version": "3.23.0",
			"resolved": "https://registry.npmjs.org/svelte/-/svelte-3.23.0.tgz",
			"integrity": "sha512-cnyd96bK/Nw5DnYuB1hzm5cl6+I1fpmdKOteA7KLzU9KGLsLmvWsSkSKbcntzODCLmSySN3HjcgTHRo6/rJNTw==",
			"dev": true
		},
		"typescript": {
			"version": "3.9.5",
			"resolved": "https://registry.npmjs.org/typescript/-/typescript-3.9.5.tgz",
			"integrity": "sha512-hSAifV3k+i6lEoCJ2k6R2Z/rp/H3+8sdmcn5NrS3/3kE7+RyZXm9aqvxWqjEXHAd8b0pShatpcdMTvEdvAJltQ==",
			"dev": true
		}
	}
}
