{
	"name": "@iconify/search-components",
	"version": "0.0.0-dev",
	"lockfileVersion": 1,
	"requires": true,
	"dependencies": {
		"@cyberalien/conditional-replacements": {
			"version": "0.0.2",
			"resolved": "https://registry.npmjs.org/@cyberalien/conditional-replacements/-/conditional-replacements-0.0.2.tgz",
			"integrity": "sha512-gKDrDWkUQKuDc2uK08zM7nuHar/qoBB6wMGNXFCSDRXV/sB44V7ftYYgYOHZUghVheL5LDB9XvmWDQiLZVOGcQ==",
			"dev": true
		},
		"@iconify/iconify": {
			"version": "2.0.0-rc.1",
			"resolved": "https://registry.npmjs.org/@iconify/iconify/-/iconify-2.0.0-rc.1.tgz",
			"integrity": "sha512-ji5H04VjYtR4seIEgVVLPxg1KRhrFquOiyfPyLVS6vYPkuqV6bcWdssi05YSmf/OAzG4E7Qsg80/bOKyd5tYTw=="
		},
		"@iconify/types": {
			"version": "1.0.3",
			"resolved": "https://registry.npmjs.org/@iconify/types/-/types-1.0.3.tgz",
			"integrity": "sha512-FJvID3jDE1axAiVPUU8+ANeYt8neG1hlSX8g+GFLUaTW6aLMtYx6F2CY1jj9N/unClwdQPtXCE7qORqEBvtVaQ=="
		},
		"cyberalien-color": {
			"version": "1.0.0",
			"resolved": "https://registry.npmjs.org/cyberalien-color/-/cyberalien-color-1.0.0.tgz",
			"integrity": "sha1-9/kTX+Daof9bNzs4W+mEGcJk/l4="
		},
		"svelte": {
			"version": "3.24.1",
			"resolved": "https://registry.npmjs.org/svelte/-/svelte-3.24.1.tgz",
			"integrity": "sha512-OX/IBVUJSFo1rnznXdwf9rv6LReJ3qQ0PwRjj76vfUWyTfbHbR9OXqJBnUrpjyis2dwYcbT2Zm1DFjOOF1ZbbQ==",
			"dev": true
		},
		"typescript": {
			"version": "4.0.2",
			"resolved": "https://registry.npmjs.org/typescript/-/typescript-4.0.2.tgz",
			"integrity": "sha512-e4ERvRV2wb+rRZ/IQeb3jm2VxBsirQLpQhdxplZ2MEzGvDkkMmPglecnNDfSUBivMjP93vRbngYYDQqQ/78bcQ==",
			"dev": true
		}
	}
}
